
Microsoft Visual Studio Solution File, Format Version 12.00
# Visual Studio Version 16
VisualStudioVersion = 16.0.32510.428
MinimumVisualStudioVersion = 10.0.40219.1
Project("{FAE04EC0-301F-11D3-BF4B-00C04F79EFBC}") = "BotWebsite", "BotWebsite\BotWebsite.csproj", "{4A8A5D15-8158-4E9D-8F8F-E6ABF4383634}"
EndProject
Global
	GlobalSection(SolutionConfigurationPlatforms) = preSolution
		Debug|Any CPU = Debug|Any CPU
		Release|Any CPU = Release|Any CPU
	EndGlobalSection
	GlobalSection(ProjectConfigurationPlatforms) = postSolution
		{4A8A5D15-8158-4E9D-8F8F-E6ABF4383634}.Debug|Any CPU.ActiveCfg = Debug|Any CPU
		{4A8A5D15-8158-4E9D-8F8F-E6ABF4383634}.Debug|Any CPU.Build.0 = Debug|Any CPU
		{4A8A5D15-8158-4E9D-8F8F-E6ABF4383634}.Release|Any CPU.ActiveCfg = Release|Any CPU
		{4A8A5D15-8158-4E9D-8F8F-E6ABF4383634}.Release|Any CPU.Build.0 = Release|Any CPU
	EndGlobalSection
	GlobalSection(SolutionProperties) = preSolution
		HideSolutionNode = FALSE
	EndGlobalSection
	GlobalSection(ExtensibilityGlobals) = postSolution
		SolutionGuid = {D8D29165-A0BA-4454-B4A2-6A4E190A2FA3}
	EndGlobalSection
EndGlobal
